
Microsoft Visual Studio Solution File, Format Version 12.00
# Visual Studio 14
VisualStudioVersion = 14.0.25420.1
MinimumVisualStudioVersion = 10.0.40219.1
Project("{FAE04EC0-301F-11D3-BF4B-00C04F79EFBC}") = "TestProgram", "TestProgram\TestProgram.csproj", "{154F9EC1-C294-491D-B6AE-12495C95E34D}"
EndProject
Project("{FAE04EC0-301F-11D3-BF4B-00C04F79EFBC}") = "DBFactoryDAL", "DBFactoryDAL\DBFactoryDAL.csproj", "{3549AD77-9A5E-495B-8594-58E688C00962}"
EndProject
Project("{FAE04EC0-301F-11D3-BF4B-00C04F79EFBC}") = "JaaJ.DAL", "JaaJ.DAL\JaaJ.DAL.csproj", "{10B550D7-1875-48E3-9E57-93C78C885C45}"
EndProject
Project("{FAE04EC0-301F-11D3-BF4B-00C04F79EFBC}") = "TestView", "TestView\TestView.csproj", "{FE4C4079-2AC8-43DD-B667-9DD82B0F060A}"
EndProject
Project("{FAE04EC0-301F-11D3-BF4B-00C04F79EFBC}") = "HardWare", "HardWare\HardWare.csproj", "{903BFAE2-0468-4619-9070-6172344789BC}"
EndProject
Project("{FAE04EC0-301F-11D3-BF4B-00C04F79EFBC}") = "学习测试", "学习测试\学习测试.csproj", "{6F139A03-3F4E-4D7A-9FB9-4FE32DEE3C5A}"
EndProject
Project("{FAE04EC0-301F-11D3-BF4B-00C04F79EFBC}") = "Common", "Common\Common.csproj", "{240D0CB8-64CF-49DF-9E90-CC00346B04BB}"
EndProject
Project("{FAE04EC0-301F-11D3-BF4B-00C04F79EFBC}") = "WPF布局1", "WPF布局1\WPF布局1.csproj", "{9970836B-BB48-4246-9464-B3A5594846BE}"
EndProject
Project("{FAE04EC0-301F-11D3-BF4B-00C04F79EFBC}") = "WebServiceTest1", "WebServiceTest1\WebServiceTest1.csproj", "{AF54AB90-CEE9-46F9-9CB7-33B3909DF7DB}"
EndProject
Project("{FAE04EC0-301F-11D3-BF4B-00C04F79EFBC}") = "ServiceContractTest1", "ServiceContractTest1\ServiceContractTest1.csproj", "{2C15F79D-1807-42E8-9993-97076C93F4B8}"
EndProject
Project("{FAE04EC0-301F-11D3-BF4B-00C04F79EFBC}") = "ServiceContractTest1Host", "ServiceContractTest1Host\ServiceContractTest1Host.csproj", "{4AD49A6F-2022-4352-B4C3-CCA92F0B95B4}"
EndProject
Project("{FAE04EC0-301F-11D3-BF4B-00C04F79EFBC}") = "ServiceContractTest1Client", "ServiceContractTest1Client\ServiceContractTest1Client.csproj", "{F1B5E703-A647-4CDD-B82E-5A9484C0C5F4}"
EndProject
Project("{FAE04EC0-301F-11D3-BF4B-00C04F79EFBC}") = "ServiceContractTest1FormService", "ServiceContractTest1Form\ServiceContractTest1FormService.csproj", "{588E3D3C-7E0C-443C-BAA1-0796D6DB3B90}"
EndProject
Project("{FAE04EC0-301F-11D3-BF4B-00C04F79EFBC}") = "ServiceContractTest1ClientForm", "ServiceContractTest1ClientForm\ServiceContractTest1ClientForm.csproj", "{C6F776D1-5129-4FFF-B11B-42D079236F8B}"
EndProject
Project("{FAE04EC0-301F-11D3-BF4B-00C04F79EFBC}") = "TestProgram2", "TestProgram2\TestProgram2.csproj", "{034052EE-5D3B-4E46-AF13-DE0290F05677}"
EndProject
Project("{FAE04EC0-301F-11D3-BF4B-00C04F79EFBC}") = "Unity3DTest1", "Unity3DTest1\Unity3DTest1.csproj", "{D7FFECA8-C52E-40D3-9E7B-C1CFDE99E07B}"
EndProject
Project("{FAE04EC0-301F-11D3-BF4B-00C04F79EFBC}") = "Log", "Logger\Log.csproj", "{260BBEE7-03E7-41B6-B8D4-F0BD0B3C0173}"
EndProject
Project("{2150E333-8FDC-42A3-9474-1A3956D46DE8}") = "WCF测试", "WCF测试", "{A99668B0-B1D7-4DD8-83BF-301027F76FC9}"
EndProject
Project("{FAE04EC0-301F-11D3-BF4B-00C04F79EFBC}") = "TestUnit", "TestUnit\TestUnit.csproj", "{5BA09828-1B9D-4799-AFB9-62CD8E624ACC}"
EndProject
Project("{FAE04EC0-301F-11D3-BF4B-00C04F79EFBC}") = "学习测试2", "学习测试2\学习测试2.csproj", "{156A793D-9BCF-4D4B-8300-D930B5E49A5E}"
EndProject
Project("{2150E333-8FDC-42A3-9474-1A3956D46DE8}") = "项目测试工具", "项目测试工具", "{F4C1D1AC-5F52-44D3-B783-49C7EA1264E3}"
EndProject
Project("{2150E333-8FDC-42A3-9474-1A3956D46DE8}") = "低压操作台低价版本", "低压操作台低价版本", "{8FA8CE66-1F71-407C-822F-B54495AC52D2}"
EndProject
Project("{FAE04EC0-301F-11D3-BF4B-00C04F79EFBC}") = "TestDevice", "TestDevice\TestDevice.csproj", "{CDC5087C-FE8C-4FF1-8AB5-8511614D7BDB}"
EndProject
Project("{FAE04EC0-301F-11D3-BF4B-00C04F79EFBC}") = "SerialUtil", "Communication\SerialUtil.csproj", "{4FB369E8-7144-467A-A136-3997393F5A39}"
EndProject
Project("{2150E333-8FDC-42A3-9474-1A3956D46DE8}") = "公共类库", "公共类库", "{2315C131-86C8-4723-AFB2-BA5C3985D1A5}"
EndProject
Project("{2150E333-8FDC-42A3-9474-1A3956D46DE8}") = "测试小工具", "测试小工具", "{4338658E-66E9-4E1C-AB17-E99E02D9C820}"
EndProject
Project("{FAE04EC0-301F-11D3-BF4B-00C04F79EFBC}") = "关闭显示器", "关闭显示器\关闭显示器.csproj", "{AFF58259-21D1-4DA0-A28D-9D7A97F136CD}"
EndProject
Project("{FAE04EC0-301F-11D3-BF4B-00C04F79EFBC}") = "上位机", "上位机\上位机.csproj", "{036D4A0D-E025-4B4A-AF4C-6BD1F68A7296}"
EndProject
Project("{FAE04EC0-301F-11D3-BF4B-00C04F79EFBC}") = "下位机模拟单片机数据", "下位机模拟单片机数据\下位机模拟单片机数据.csproj", "{11877B49-4756-4AD7-8043-0C3B3B2E5481}"
EndProject
Project("{FAE04EC0-301F-11D3-BF4B-00C04F79EFBC}") = "DBHelper", "DBHelper\DBHelper.csproj", "{F7FF9616-850B-4B6C-A47E-7F9F3ABF30D7}"
EndProject
Project("{FAE04EC0-301F-11D3-BF4B-00C04F79EFBC}") = "BardCodeHooK", "BardCodeHooK\BardCodeHooK.csproj", "{F21D1173-13ED-4B39-885C-477928212AB1}"
EndProject
Project("{FAE04EC0-301F-11D3-BF4B-00C04F79EFBC}") = "学习测试3", "学习测试3\学习测试3.csproj", "{8868E366-8B4A-4E98-A702-1B72BAB4A75A}"
EndProject
Project("{FAE04EC0-301F-11D3-BF4B-00C04F79EFBC}") = "理论试题添加", "理论试题添加\理论试题添加.csproj", "{45142AB0-234C-4BE3-BDEE-EE7CB7F6CC63}"
EndProject
Project("{FAE04EC0-301F-11D3-BF4B-00C04F79EFBC}") = "CommonUtility", "CommonUtility\CommonUtility.csproj", "{5032F4E3-91D5-470F-9BBB-4F7FEF91E68C}"
EndProject
Project("{FAE04EC0-301F-11D3-BF4B-00C04F79EFBC}") = "CheckExcelTest", "CheckExcelTest\CheckExcelTest.csproj", "{37B0DB5E-E270-457A-AFFF-B6261BD2D685}"
EndProject
Project("{2150E333-8FDC-42A3-9474-1A3956D46DE8}") = "Test", "Test", "{C7D111D8-C7DE-4DD0-A4BB-71852E3AA2A0}"
EndProject
Project("{FAE04EC0-301F-11D3-BF4B-00C04F79EFBC}") = "WindowsFormsApplication1", "WindowsFormsApplication1\WindowsFormsApplication1.csproj", "{EC847375-CC08-447B-A6F7-E3284A55154D}"
EndProject
Global
	GlobalSection(SolutionConfigurationPlatforms) = preSolution
		Debug|Any CPU = Debug|Any CPU
		Release|Any CPU = Release|Any CPU
	EndGlobalSection
	GlobalSection(ProjectConfigurationPlatforms) = postSolution
		{154F9EC1-C294-491D-B6AE-12495C95E34D}.Debug|Any CPU.ActiveCfg = Debug|Any CPU
		{154F9EC1-C294-491D-B6AE-12495C95E34D}.Debug|Any CPU.Build.0 = Debug|Any CPU
		{154F9EC1-C294-491D-B6AE-12495C95E34D}.Release|Any CPU.ActiveCfg = Release|Any CPU
		{154F9EC1-C294-491D-B6AE-12495C95E34D}.Release|Any CPU.Build.0 = Release|Any CPU
		{3549AD77-9A5E-495B-8594-58E688C00962}.Debug|Any CPU.ActiveCfg = Debug|Any CPU
		{3549AD77-9A5E-495B-8594-58E688C00962}.Debug|Any CPU.Build.0 = Debug|Any CPU
		{3549AD77-9A5E-495B-8594-58E688C00962}.Release|Any CPU.ActiveCfg = Release|Any CPU
		{3549AD77-9A5E-495B-8594-58E688C00962}.Release|Any CPU.Build.0 = Release|Any CPU
		{10B550D7-1875-48E3-9E57-93C78C885C45}.Debug|Any CPU.ActiveCfg = Debug|Any CPU
		{10B550D7-1875-48E3-9E57-93C78C885C45}.Debug|Any CPU.Build.0 = Debug|Any CPU
		{10B550D7-1875-48E3-9E57-93C78C885C45}.Release|Any CPU.ActiveCfg = Release|Any CPU
		{10B550D7-1875-48E3-9E57-93C78C885C45}.Release|Any CPU.Build.0 = Release|Any CPU
		{FE4C4079-2AC8-43DD-B667-9DD82B0F060A}.Debug|Any CPU.ActiveCfg = Debug|Any CPU
		{FE4C4079-2AC8-43DD-B667-9DD82B0F060A}.Debug|Any CPU.Build.0 = Debug|Any CPU
		{FE4C4079-2AC8-43DD-B667-9DD82B0F060A}.Release|Any CPU.ActiveCfg = Release|Any CPU
		{FE4C4079-2AC8-43DD-B667-9DD82B0F060A}.Release|Any CPU.Build.0 = Release|Any CPU
		{903BFAE2-0468-4619-9070-6172344789BC}.Debug|Any CPU.ActiveCfg = Debug|Any CPU
		{903BFAE2-0468-4619-9070-6172344789BC}.Debug|Any CPU.Build.0 = Debug|Any CPU
		{903BFAE2-0468-4619-9070-6172344789BC}.Release|Any CPU.ActiveCfg = Release|Any CPU
		{903BFAE2-0468-4619-9070-6172344789BC}.Release|Any CPU.Build.0 = Release|Any CPU
		{6F139A03-3F4E-4D7A-9FB9-4FE32DEE3C5A}.Debug|Any CPU.ActiveCfg = Debug|Any CPU
		{6F139A03-3F4E-4D7A-9FB9-4FE32DEE3C5A}.Debug|Any CPU.Build.0 = Debug|Any CPU
		{6F139A03-3F4E-4D7A-9FB9-4FE32DEE3C5A}.Release|Any CPU.ActiveCfg = Release|Any CPU
		{6F139A03-3F4E-4D7A-9FB9-4FE32DEE3C5A}.Release|Any CPU.Build.0 = Release|Any CPU
		{240D0CB8-64CF-49DF-9E90-CC00346B04BB}.Debug|Any CPU.ActiveCfg = Debug|Any CPU
		{240D0CB8-64CF-49DF-9E90-CC00346B04BB}.Debug|Any CPU.Build.0 = Debug|Any CPU
		{240D0CB8-64CF-49DF-9E90-CC00346B04BB}.Release|Any CPU.ActiveCfg = Release|Any CPU
		{240D0CB8-64CF-49DF-9E90-CC00346B04BB}.Release|Any CPU.Build.0 = Release|Any CPU
		{9970836B-BB48-4246-9464-B3A5594846BE}.Debug|Any CPU.ActiveCfg = Debug|Any CPU
		{9970836B-BB48-4246-9464-B3A5594846BE}.Debug|Any CPU.Build.0 = Debug|Any CPU
		{9970836B-BB48-4246-9464-B3A5594846BE}.Release|Any CPU.ActiveCfg = Release|Any CPU
		{9970836B-BB48-4246-9464-B3A5594846BE}.Release|Any CPU.Build.0 = Release|Any CPU
		{AF54AB90-CEE9-46F9-9CB7-33B3909DF7DB}.Debug|Any CPU.ActiveCfg = Debug|Any CPU
		{AF54AB90-CEE9-46F9-9CB7-33B3909DF7DB}.Debug|Any CPU.Build.0 = Debug|Any CPU
		{AF54AB90-CEE9-46F9-9CB7-33B3909DF7DB}.Release|Any CPU.ActiveCfg = Release|Any CPU
		{AF54AB90-CEE9-46F9-9CB7-33B3909DF7DB}.Release|Any CPU.Build.0 = Release|Any CPU
		{2C15F79D-1807-42E8-9993-97076C93F4B8}.Debug|Any CPU.ActiveCfg = Debug|Any CPU
		{2C15F79D-1807-42E8-9993-97076C93F4B8}.Debug|Any CPU.Build.0 = Debug|Any CPU
		{2C15F79D-1807-42E8-9993-97076C93F4B8}.Release|Any CPU.ActiveCfg = Release|Any CPU
		{2C15F79D-1807-42E8-9993-97076C93F4B8}.Release|Any CPU.Build.0 = Release|Any CPU
		{4AD49A6F-2022-4352-B4C3-CCA92F0B95B4}.Debug|Any CPU.ActiveCfg = Debug|Any CPU
		{4AD49A6F-2022-4352-B4C3-CCA92F0B95B4}.Debug|Any CPU.Build.0 = Debug|Any CPU
		{4AD49A6F-2022-4352-B4C3-CCA92F0B95B4}.Release|Any CPU.ActiveCfg = Release|Any CPU
		{4AD49A6F-2022-4352-B4C3-CCA92F0B95B4}.Release|Any CPU.Build.0 = Release|Any CPU
		{F1B5E703-A647-4CDD-B82E-5A9484C0C5F4}.Debug|Any CPU.ActiveCfg = Debug|Any CPU
		{F1B5E703-A647-4CDD-B82E-5A9484C0C5F4}.Debug|Any CPU.Build.0 = Debug|Any CPU
		{F1B5E703-A647-4CDD-B82E-5A9484C0C5F4}.Release|Any CPU.ActiveCfg = Release|Any CPU
		{F1B5E703-A647-4CDD-B82E-5A9484C0C5F4}.Release|Any CPU.Build.0 = Release|Any CPU
		{588E3D3C-7E0C-443C-BAA1-0796D6DB3B90}.Debug|Any CPU.ActiveCfg = Debug|Any CPU
		{588E3D3C-7E0C-443C-BAA1-0796D6DB3B90}.Debug|Any CPU.Build.0 = Debug|Any CPU
		{588E3D3C-7E0C-443C-BAA1-0796D6DB3B90}.Release|Any CPU.ActiveCfg = Release|Any CPU
		{588E3D3C-7E0C-443C-BAA1-0796D6DB3B90}.Release|Any CPU.Build.0 = Release|Any CPU
		{C6F776D1-5129-4FFF-B11B-42D079236F8B}.Debug|Any CPU.ActiveCfg = Debug|Any CPU
		{C6F776D1-5129-4FFF-B11B-42D079236F8B}.Debug|Any CPU.Build.0 = Debug|Any CPU
		{C6F776D1-5129-4FFF-B11B-42D079236F8B}.Release|Any CPU.ActiveCfg = Release|Any CPU
		{C6F776D1-5129-4FFF-B11B-42D079236F8B}.Release|Any CPU.Build.0 = Release|Any CPU
		{034052EE-5D3B-4E46-AF13-DE0290F05677}.Debug|Any CPU.ActiveCfg = Debug|Any CPU
		{034052EE-5D3B-4E46-AF13-DE0290F05677}.Debug|Any CPU.Build.0 = Debug|Any CPU
		{034052EE-5D3B-4E46-AF13-DE0290F05677}.Release|Any CPU.ActiveCfg = Release|Any CPU
		{034052EE-5D3B-4E46-AF13-DE0290F05677}.Release|Any CPU.Build.0 = Release|Any CPU
		{D7FFECA8-C52E-40D3-9E7B-C1CFDE99E07B}.Debug|Any CPU.ActiveCfg = Debug|Any CPU
		{D7FFECA8-C52E-40D3-9E7B-C1CFDE99E07B}.Debug|Any CPU.Build.0 = Debug|Any CPU
		{D7FFECA8-C52E-40D3-9E7B-C1CFDE99E07B}.Release|Any CPU.ActiveCfg = Release|Any CPU
		{D7FFECA8-C52E-40D3-9E7B-C1CFDE99E07B}.Release|Any CPU.Build.0 = Release|Any CPU
		{260BBEE7-03E7-41B6-B8D4-F0BD0B3C0173}.Debug|Any CPU.ActiveCfg = Debug|Any CPU
		{260BBEE7-03E7-41B6-B8D4-F0BD0B3C0173}.Debug|Any CPU.Build.0 = Debug|Any CPU
		{260BBEE7-03E7-41B6-B8D4-F0BD0B3C0173}.Release|Any CPU.ActiveCfg = Release|Any CPU
		{260BBEE7-03E7-41B6-B8D4-F0BD0B3C0173}.Release|Any CPU.Build.0 = Release|Any CPU
		{5BA09828-1B9D-4799-AFB9-62CD8E624ACC}.Debug|Any CPU.ActiveCfg = Debug|Any CPU
		{5BA09828-1B9D-4799-AFB9-62CD8E624ACC}.Debug|Any CPU.Build.0 = Debug|Any CPU
		{5BA09828-1B9D-4799-AFB9-62CD8E624ACC}.Release|Any CPU.ActiveCfg = Release|Any CPU
		{5BA09828-1B9D-4799-AFB9-62CD8E624ACC}.Release|Any CPU.Build.0 = Release|Any CPU
		{156A793D-9BCF-4D4B-8300-D930B5E49A5E}.Debug|Any CPU.ActiveCfg = Debug|Any CPU
		{156A793D-9BCF-4D4B-8300-D930B5E49A5E}.Debug|Any CPU.Build.0 = Debug|Any CPU
		{156A793D-9BCF-4D4B-8300-D930B5E49A5E}.Release|Any CPU.ActiveCfg = Release|Any CPU
		{156A793D-9BCF-4D4B-8300-D930B5E49A5E}.Release|Any CPU.Build.0 = Release|Any CPU
		{CDC5087C-FE8C-4FF1-8AB5-8511614D7BDB}.Debug|Any CPU.ActiveCfg = Debug|Any CPU
		{CDC5087C-FE8C-4FF1-8AB5-8511614D7BDB}.Debug|Any CPU.Build.0 = Debug|Any CPU
		{CDC5087C-FE8C-4FF1-8AB5-8511614D7BDB}.Release|Any CPU.ActiveCfg = Release|Any CPU
		{CDC5087C-FE8C-4FF1-8AB5-8511614D7BDB}.Release|Any CPU.Build.0 = Release|Any CPU
		{4FB369E8-7144-467A-A136-3997393F5A39}.Debug|Any CPU.ActiveCfg = Debug|Any CPU
		{4FB369E8-7144-467A-A136-3997393F5A39}.Debug|Any CPU.Build.0 = Debug|Any CPU
		{4FB369E8-7144-467A-A136-3997393F5A39}.Release|Any CPU.ActiveCfg = Release|Any CPU
		{4FB369E8-7144-467A-A136-3997393F5A39}.Release|Any CPU.Build.0 = Release|Any CPU
		{AFF58259-21D1-4DA0-A28D-9D7A97F136CD}.Debug|Any CPU.ActiveCfg = Debug|Any CPU
		{AFF58259-21D1-4DA0-A28D-9D7A97F136CD}.Debug|Any CPU.Build.0 = Debug|Any CPU
		{AFF58259-21D1-4DA0-A28D-9D7A97F136CD}.Release|Any CPU.ActiveCfg = Release|Any CPU
		{AFF58259-21D1-4DA0-A28D-9D7A97F136CD}.Release|Any CPU.Build.0 = Release|Any CPU
		{036D4A0D-E025-4B4A-AF4C-6BD1F68A7296}.Debug|Any CPU.ActiveCfg = Debug|Any CPU
		{036D4A0D-E025-4B4A-AF4C-6BD1F68A7296}.Debug|Any CPU.Build.0 = Debug|Any CPU
		{036D4A0D-E025-4B4A-AF4C-6BD1F68A7296}.Release|Any CPU.ActiveCfg = Release|Any CPU
		{036D4A0D-E025-4B4A-AF4C-6BD1F68A7296}.Release|Any CPU.Build.0 = Release|Any CPU
		{11877B49-4756-4AD7-8043-0C3B3B2E5481}.Debug|Any CPU.ActiveCfg = Debug|Any CPU
		{11877B49-4756-4AD7-8043-0C3B3B2E5481}.Debug|Any CPU.Build.0 = Debug|Any CPU
		{11877B49-4756-4AD7-8043-0C3B3B2E5481}.Release|Any CPU.ActiveCfg = Release|Any CPU
		{11877B49-4756-4AD7-8043-0C3B3B2E5481}.Release|Any CPU.Build.0 = Release|Any CPU
		{F7FF9616-850B-4B6C-A47E-7F9F3ABF30D7}.Debug|Any CPU.ActiveCfg = Debug|Any CPU
		{F7FF9616-850B-4B6C-A47E-7F9F3ABF30D7}.Debug|Any CPU.Build.0 = Debug|Any CPU
		{F7FF9616-850B-4B6C-A47E-7F9F3ABF30D7}.Release|Any CPU.ActiveCfg = Release|Any CPU
		{F7FF9616-850B-4B6C-A47E-7F9F3ABF30D7}.Release|Any CPU.Build.0 = Release|Any CPU
		{F21D1173-13ED-4B39-885C-477928212AB1}.Debug|Any CPU.ActiveCfg = Debug|Any CPU
		{F21D1173-13ED-4B39-885C-477928212AB1}.Debug|Any CPU.Build.0 = Debug|Any CPU
		{F21D1173-13ED-4B39-885C-477928212AB1}.Release|Any CPU.ActiveCfg = Release|Any CPU
		{F21D1173-13ED-4B39-885C-477928212AB1}.Release|Any CPU.Build.0 = Release|Any CPU
		{8868E366-8B4A-4E98-A702-1B72BAB4A75A}.Debug|Any CPU.ActiveCfg = Debug|Any CPU
		{8868E366-8B4A-4E98-A702-1B72BAB4A75A}.Debug|Any CPU.Build.0 = Debug|Any CPU
		{8868E366-8B4A-4E98-A702-1B72BAB4A75A}.Release|Any CPU.ActiveCfg = Release|Any CPU
		{8868E366-8B4A-4E98-A702-1B72BAB4A75A}.Release|Any CPU.Build.0 = Release|Any CPU
		{45142AB0-234C-4BE3-BDEE-EE7CB7F6CC63}.Debug|Any CPU.ActiveCfg = Debug|Any CPU
		{45142AB0-234C-4BE3-BDEE-EE7CB7F6CC63}.Debug|Any CPU.Build.0 = Debug|Any CPU
		{45142AB0-234C-4BE3-BDEE-EE7CB7F6CC63}.Release|Any CPU.ActiveCfg = Release|Any CPU
		{45142AB0-234C-4BE3-BDEE-EE7CB7F6CC63}.Release|Any CPU.Build.0 = Release|Any CPU
		{5032F4E3-91D5-470F-9BBB-4F7FEF91E68C}.Debug|Any CPU.ActiveCfg = Debug|Any CPU
		{5032F4E3-91D5-470F-9BBB-4F7FEF91E68C}.Debug|Any CPU.Build.0 = Debug|Any CPU
		{5032F4E3-91D5-470F-9BBB-4F7FEF91E68C}.Release|Any CPU.ActiveCfg = Release|Any CPU
		{5032F4E3-91D5-470F-9BBB-4F7FEF91E68C}.Release|Any CPU.Build.0 = Release|Any CPU
		{37B0DB5E-E270-457A-AFFF-B6261BD2D685}.Debug|Any CPU.ActiveCfg = Debug|Any CPU
		{37B0DB5E-E270-457A-AFFF-B6261BD2D685}.Debug|Any CPU.Build.0 = Debug|Any CPU
		{37B0DB5E-E270-457A-AFFF-B6261BD2D685}.Release|Any CPU.ActiveCfg = Release|Any CPU
		{37B0DB5E-E270-457A-AFFF-B6261BD2D685}.Release|Any CPU.Build.0 = Release|Any CPU
		{EC847375-CC08-447B-A6F7-E3284A55154D}.Debug|Any CPU.ActiveCfg = Debug|Any CPU
		{EC847375-CC08-447B-A6F7-E3284A55154D}.Debug|Any CPU.Build.0 = Debug|Any CPU
		{EC847375-CC08-447B-A6F7-E3284A55154D}.Release|Any CPU.ActiveCfg = Release|Any CPU
		{EC847375-CC08-447B-A6F7-E3284A55154D}.Release|Any CPU.Build.0 = Release|Any CPU
	EndGlobalSection
	GlobalSection(SolutionProperties) = preSolution
		HideSolutionNode = FALSE
	EndGlobalSection
	GlobalSection(NestedProjects) = preSolution
		{3549AD77-9A5E-495B-8594-58E688C00962} = {2315C131-86C8-4723-AFB2-BA5C3985D1A5}
		{10B550D7-1875-48E3-9E57-93C78C885C45} = {2315C131-86C8-4723-AFB2-BA5C3985D1A5}
		{903BFAE2-0468-4619-9070-6172344789BC} = {2315C131-86C8-4723-AFB2-BA5C3985D1A5}
		{240D0CB8-64CF-49DF-9E90-CC00346B04BB} = {2315C131-86C8-4723-AFB2-BA5C3985D1A5}
		{2C15F79D-1807-42E8-9993-97076C93F4B8} = {A99668B0-B1D7-4DD8-83BF-301027F76FC9}
		{4AD49A6F-2022-4352-B4C3-CCA92F0B95B4} = {A99668B0-B1D7-4DD8-83BF-301027F76FC9}
		{F1B5E703-A647-4CDD-B82E-5A9484C0C5F4} = {A99668B0-B1D7-4DD8-83BF-301027F76FC9}
		{588E3D3C-7E0C-443C-BAA1-0796D6DB3B90} = {A99668B0-B1D7-4DD8-83BF-301027F76FC9}
		{C6F776D1-5129-4FFF-B11B-42D079236F8B} = {A99668B0-B1D7-4DD8-83BF-301027F76FC9}
		{260BBEE7-03E7-41B6-B8D4-F0BD0B3C0173} = {2315C131-86C8-4723-AFB2-BA5C3985D1A5}
		{8FA8CE66-1F71-407C-822F-B54495AC52D2} = {F4C1D1AC-5F52-44D3-B783-49C7EA1264E3}
		{CDC5087C-FE8C-4FF1-8AB5-8511614D7BDB} = {8FA8CE66-1F71-407C-822F-B54495AC52D2}
		{4FB369E8-7144-467A-A136-3997393F5A39} = {2315C131-86C8-4723-AFB2-BA5C3985D1A5}
		{AFF58259-21D1-4DA0-A28D-9D7A97F136CD} = {4338658E-66E9-4E1C-AB17-E99E02D9C820}
		{036D4A0D-E025-4B4A-AF4C-6BD1F68A7296} = {8FA8CE66-1F71-407C-822F-B54495AC52D2}
		{11877B49-4756-4AD7-8043-0C3B3B2E5481} = {8FA8CE66-1F71-407C-822F-B54495AC52D2}
		{F7FF9616-850B-4B6C-A47E-7F9F3ABF30D7} = {2315C131-86C8-4723-AFB2-BA5C3985D1A5}
		{F21D1173-13ED-4B39-885C-477928212AB1} = {2315C131-86C8-4723-AFB2-BA5C3985D1A5}
		{45142AB0-234C-4BE3-BDEE-EE7CB7F6CC63} = {F4C1D1AC-5F52-44D3-B783-49C7EA1264E3}
		{5032F4E3-91D5-470F-9BBB-4F7FEF91E68C} = {F4C1D1AC-5F52-44D3-B783-49C7EA1264E3}
		{37B0DB5E-E270-457A-AFFF-B6261BD2D685} = {4338658E-66E9-4E1C-AB17-E99E02D9C820}
		{EC847375-CC08-447B-A6F7-E3284A55154D} = {C7D111D8-C7DE-4DD0-A4BB-71852E3AA2A0}
	EndGlobalSection
EndGlobal
