
Microsoft Visual Studio Solution File, Format Version 11.00
# Visual Studio 10
VisualStudioVersion = 10.0.25420.1
MinimumVisualStudioVersion = 10.0.40219.1
Project("{FAE04EC0-301F-11D3-BF4B-00C04F79EFBC}") = "Welding", "Welding\Welding.csproj", "{AF306F2A-5617-429A-9FD2-3DF4D969E164}"
EndProject
Project("{FAE04EC0-301F-11D3-BF4B-00C04F79EFBC}") = "HardWare", "HardWare\HardWare.csproj", "{663A641D-06D5-42AA-8B74-5A171E6D546D}"
EndProject
Project("{FAE04EC0-301F-11D3-BF4B-00C04F79EFBC}") = "EnvCheck", "EnvCheck\EnvCheck.csproj", "{84CD3726-AB19-4A24-B611-4CE7F8882D18}"
EndProject
Project("{FAE04EC0-301F-11D3-BF4B-00C04F79EFBC}") = "Log", "Logger\Log.csproj", "{260BBEE7-03E7-41B6-B8D4-F0BD0B3C0173}"
EndProject
Project("{FAE04EC0-301F-11D3-BF4B-00C04F79EFBC}") = "TestLogger", "TestLogger\TestLogger.csproj", "{65C44A2E-1000-4BD5-B994-CB96CB8FB916}"
EndProject
Project("{FAE04EC0-301F-11D3-BF4B-00C04F79EFBC}") = "TestLogger2", "TestLogger2\TestLogger2.csproj", "{C1B8013B-B27E-4B26-954C-51409B5FA162}"
EndProject
Project("{FAE04EC0-301F-11D3-BF4B-00C04F79EFBC}") = "Communication", "Communication\Communication.csproj", "{4FB369E8-7144-467A-A136-3997393F5A39}"
EndProject
Project("{FAE04EC0-301F-11D3-BF4B-00C04F79EFBC}") = "Simulation", "Simulation\Simulation.csproj", "{0BB700CE-2B08-4B9A-BEA9-93CB9AACAD8F}"
EndProject
Project("{FAE04EC0-301F-11D3-BF4B-00C04F79EFBC}") = "Speak", "Speak\Speak.csproj", "{15450F3A-EF6E-4557-8CC8-9E16B59AE568}"
EndProject
Project("{FAE04EC0-301F-11D3-BF4B-00C04F79EFBC}") = "UploadScore", "UploadScore\UploadScore.csproj", "{DCC4650D-0C9F-44E9-94D0-D4A84AFA99A3}"
EndProject
Global
	GlobalSection(SolutionConfigurationPlatforms) = preSolution
		Debug|Any CPU = Debug|Any CPU
		Debug|x64 = Debug|x64
		Debug|x86 = Debug|x86
		Release|Any CPU = Release|Any CPU
		Release|x64 = Release|x64
		Release|x86 = Release|x86
	EndGlobalSection
	GlobalSection(ProjectConfigurationPlatforms) = postSolution
		{AF306F2A-5617-429A-9FD2-3DF4D969E164}.Debug|Any CPU.ActiveCfg = Debug|Any CPU
		{AF306F2A-5617-429A-9FD2-3DF4D969E164}.Debug|Any CPU.Build.0 = Debug|Any CPU
		{AF306F2A-5617-429A-9FD2-3DF4D969E164}.Debug|x64.ActiveCfg = Debug|Any CPU
		{AF306F2A-5617-429A-9FD2-3DF4D969E164}.Debug|x64.Build.0 = Debug|Any CPU
		{AF306F2A-5617-429A-9FD2-3DF4D969E164}.Debug|x86.ActiveCfg = Debug|Any CPU
		{AF306F2A-5617-429A-9FD2-3DF4D969E164}.Debug|x86.Build.0 = Debug|Any CPU
		{AF306F2A-5617-429A-9FD2-3DF4D969E164}.Release|Any CPU.ActiveCfg = Release|Any CPU
		{AF306F2A-5617-429A-9FD2-3DF4D969E164}.Release|Any CPU.Build.0 = Release|Any CPU
		{AF306F2A-5617-429A-9FD2-3DF4D969E164}.Release|x64.ActiveCfg = Release|Any CPU
		{AF306F2A-5617-429A-9FD2-3DF4D969E164}.Release|x64.Build.0 = Release|Any CPU
		{AF306F2A-5617-429A-9FD2-3DF4D969E164}.Release|x86.ActiveCfg = Release|Any CPU
		{AF306F2A-5617-429A-9FD2-3DF4D969E164}.Release|x86.Build.0 = Release|Any CPU
		{663A641D-06D5-42AA-8B74-5A171E6D546D}.Debug|Any CPU.ActiveCfg = Debug|Any CPU
		{663A641D-06D5-42AA-8B74-5A171E6D546D}.Debug|Any CPU.Build.0 = Debug|Any CPU
		{663A641D-06D5-42AA-8B74-5A171E6D546D}.Debug|x64.ActiveCfg = Debug|Any CPU
		{663A641D-06D5-42AA-8B74-5A171E6D546D}.Debug|x64.Build.0 = Debug|Any CPU
		{663A641D-06D5-42AA-8B74-5A171E6D546D}.Debug|x86.ActiveCfg = Debug|Any CPU
		{663A641D-06D5-42AA-8B74-5A171E6D546D}.Debug|x86.Build.0 = Debug|Any CPU
		{663A641D-06D5-42AA-8B74-5A171E6D546D}.Release|Any CPU.ActiveCfg = Release|Any CPU
		{663A641D-06D5-42AA-8B74-5A171E6D546D}.Release|Any CPU.Build.0 = Release|Any CPU
		{663A641D-06D5-42AA-8B74-5A171E6D546D}.Release|x64.ActiveCfg = Release|Any CPU
		{663A641D-06D5-42AA-8B74-5A171E6D546D}.Release|x64.Build.0 = Release|Any CPU
		{663A641D-06D5-42AA-8B74-5A171E6D546D}.Release|x86.ActiveCfg = Release|Any CPU
		{663A641D-06D5-42AA-8B74-5A171E6D546D}.Release|x86.Build.0 = Release|Any CPU
		{84CD3726-AB19-4A24-B611-4CE7F8882D18}.Debug|Any CPU.ActiveCfg = Debug|Any CPU
		{84CD3726-AB19-4A24-B611-4CE7F8882D18}.Debug|Any CPU.Build.0 = Debug|Any CPU
		{84CD3726-AB19-4A24-B611-4CE7F8882D18}.Debug|x64.ActiveCfg = Debug|Any CPU
		{84CD3726-AB19-4A24-B611-4CE7F8882D18}.Debug|x64.Build.0 = Debug|Any CPU
		{84CD3726-AB19-4A24-B611-4CE7F8882D18}.Debug|x86.ActiveCfg = Debug|Any CPU
		{84CD3726-AB19-4A24-B611-4CE7F8882D18}.Debug|x86.Build.0 = Debug|Any CPU
		{84CD3726-AB19-4A24-B611-4CE7F8882D18}.Release|Any CPU.ActiveCfg = Release|Any CPU
		{84CD3726-AB19-4A24-B611-4CE7F8882D18}.Release|Any CPU.Build.0 = Release|Any CPU
		{84CD3726-AB19-4A24-B611-4CE7F8882D18}.Release|x64.ActiveCfg = Release|Any CPU
		{84CD3726-AB19-4A24-B611-4CE7F8882D18}.Release|x64.Build.0 = Release|Any CPU
		{84CD3726-AB19-4A24-B611-4CE7F8882D18}.Release|x86.ActiveCfg = Release|Any CPU
		{84CD3726-AB19-4A24-B611-4CE7F8882D18}.Release|x86.Build.0 = Release|Any CPU
		{260BBEE7-03E7-41B6-B8D4-F0BD0B3C0173}.Debug|Any CPU.ActiveCfg = Debug|Any CPU
		{260BBEE7-03E7-41B6-B8D4-F0BD0B3C0173}.Debug|Any CPU.Build.0 = Debug|Any CPU
		{260BBEE7-03E7-41B6-B8D4-F0BD0B3C0173}.Debug|x64.ActiveCfg = Debug|Any CPU
		{260BBEE7-03E7-41B6-B8D4-F0BD0B3C0173}.Debug|x64.Build.0 = Debug|Any CPU
		{260BBEE7-03E7-41B6-B8D4-F0BD0B3C0173}.Debug|x86.ActiveCfg = Debug|Any CPU
		{260BBEE7-03E7-41B6-B8D4-F0BD0B3C0173}.Debug|x86.Build.0 = Debug|Any CPU
		{260BBEE7-03E7-41B6-B8D4-F0BD0B3C0173}.Release|Any CPU.ActiveCfg = Release|Any CPU
		{260BBEE7-03E7-41B6-B8D4-F0BD0B3C0173}.Release|Any CPU.Build.0 = Release|Any CPU
		{260BBEE7-03E7-41B6-B8D4-F0BD0B3C0173}.Release|x64.ActiveCfg = Release|Any CPU
		{260BBEE7-03E7-41B6-B8D4-F0BD0B3C0173}.Release|x64.Build.0 = Release|Any CPU
		{260BBEE7-03E7-41B6-B8D4-F0BD0B3C0173}.Release|x86.ActiveCfg = Release|Any CPU
		{260BBEE7-03E7-41B6-B8D4-F0BD0B3C0173}.Release|x86.Build.0 = Release|Any CPU
		{65C44A2E-1000-4BD5-B994-CB96CB8FB916}.Debug|Any CPU.ActiveCfg = Debug|Any CPU
		{65C44A2E-1000-4BD5-B994-CB96CB8FB916}.Debug|Any CPU.Build.0 = Debug|Any CPU
		{65C44A2E-1000-4BD5-B994-CB96CB8FB916}.Debug|x64.ActiveCfg = Debug|Any CPU
		{65C44A2E-1000-4BD5-B994-CB96CB8FB916}.Debug|x64.Build.0 = Debug|Any CPU
		{65C44A2E-1000-4BD5-B994-CB96CB8FB916}.Debug|x86.ActiveCfg = Debug|Any CPU
		{65C44A2E-1000-4BD5-B994-CB96CB8FB916}.Debug|x86.Build.0 = Debug|Any CPU
		{65C44A2E-1000-4BD5-B994-CB96CB8FB916}.Release|Any CPU.ActiveCfg = Release|Any CPU
		{65C44A2E-1000-4BD5-B994-CB96CB8FB916}.Release|Any CPU.Build.0 = Release|Any CPU
		{65C44A2E-1000-4BD5-B994-CB96CB8FB916}.Release|x64.ActiveCfg = Release|Any CPU
		{65C44A2E-1000-4BD5-B994-CB96CB8FB916}.Release|x64.Build.0 = Release|Any CPU
		{65C44A2E-1000-4BD5-B994-CB96CB8FB916}.Release|x86.ActiveCfg = Release|Any CPU
		{65C44A2E-1000-4BD5-B994-CB96CB8FB916}.Release|x86.Build.0 = Release|Any CPU
		{C1B8013B-B27E-4B26-954C-51409B5FA162}.Debug|Any CPU.ActiveCfg = Debug|Any CPU
		{C1B8013B-B27E-4B26-954C-51409B5FA162}.Debug|Any CPU.Build.0 = Debug|Any CPU
		{C1B8013B-B27E-4B26-954C-51409B5FA162}.Debug|x64.ActiveCfg = Debug|Any CPU
		{C1B8013B-B27E-4B26-954C-51409B5FA162}.Debug|x64.Build.0 = Debug|Any CPU
		{C1B8013B-B27E-4B26-954C-51409B5FA162}.Debug|x86.ActiveCfg = Debug|Any CPU
		{C1B8013B-B27E-4B26-954C-51409B5FA162}.Debug|x86.Build.0 = Debug|Any CPU
		{C1B8013B-B27E-4B26-954C-51409B5FA162}.Release|Any CPU.ActiveCfg = Release|Any CPU
		{C1B8013B-B27E-4B26-954C-51409B5FA162}.Release|Any CPU.Build.0 = Release|Any CPU
		{C1B8013B-B27E-4B26-954C-51409B5FA162}.Release|x64.ActiveCfg = Release|Any CPU
		{C1B8013B-B27E-4B26-954C-51409B5FA162}.Release|x64.Build.0 = Release|Any CPU
		{C1B8013B-B27E-4B26-954C-51409B5FA162}.Release|x86.ActiveCfg = Release|Any CPU
		{C1B8013B-B27E-4B26-954C-51409B5FA162}.Release|x86.Build.0 = Release|Any CPU
		{4FB369E8-7144-467A-A136-3997393F5A39}.Debug|Any CPU.ActiveCfg = Debug|Any CPU
		{4FB369E8-7144-467A-A136-3997393F5A39}.Debug|Any CPU.Build.0 = Debug|Any CPU
		{4FB369E8-7144-467A-A136-3997393F5A39}.Debug|x64.ActiveCfg = Debug|Any CPU
		{4FB369E8-7144-467A-A136-3997393F5A39}.Debug|x64.Build.0 = Debug|Any CPU
		{4FB369E8-7144-467A-A136-3997393F5A39}.Debug|x86.ActiveCfg = Debug|Any CPU
		{4FB369E8-7144-467A-A136-3997393F5A39}.Debug|x86.Build.0 = Debug|Any CPU
		{4FB369E8-7144-467A-A136-3997393F5A39}.Release|Any CPU.ActiveCfg = Release|Any CPU
		{4FB369E8-7144-467A-A136-3997393F5A39}.Release|Any CPU.Build.0 = Release|Any CPU
		{4FB369E8-7144-467A-A136-3997393F5A39}.Release|x64.ActiveCfg = Release|Any CPU
		{4FB369E8-7144-467A-A136-3997393F5A39}.Release|x64.Build.0 = Release|Any CPU
		{4FB369E8-7144-467A-A136-3997393F5A39}.Release|x86.ActiveCfg = Release|Any CPU
		{4FB369E8-7144-467A-A136-3997393F5A39}.Release|x86.Build.0 = Release|Any CPU
		{0BB700CE-2B08-4B9A-BEA9-93CB9AACAD8F}.Debug|Any CPU.ActiveCfg = Debug|Any CPU
		{0BB700CE-2B08-4B9A-BEA9-93CB9AACAD8F}.Debug|Any CPU.Build.0 = Debug|Any CPU
		{0BB700CE-2B08-4B9A-BEA9-93CB9AACAD8F}.Debug|x64.ActiveCfg = Debug|Any CPU
		{0BB700CE-2B08-4B9A-BEA9-93CB9AACAD8F}.Debug|x64.Build.0 = Debug|Any CPU
		{0BB700CE-2B08-4B9A-BEA9-93CB9AACAD8F}.Debug|x86.ActiveCfg = Debug|Any CPU
		{0BB700CE-2B08-4B9A-BEA9-93CB9AACAD8F}.Debug|x86.Build.0 = Debug|Any CPU
		{0BB700CE-2B08-4B9A-BEA9-93CB9AACAD8F}.Release|Any CPU.ActiveCfg = Release|Any CPU
		{0BB700CE-2B08-4B9A-BEA9-93CB9AACAD8F}.Release|Any CPU.Build.0 = Release|Any CPU
		{0BB700CE-2B08-4B9A-BEA9-93CB9AACAD8F}.Release|x64.ActiveCfg = Release|Any CPU
		{0BB700CE-2B08-4B9A-BEA9-93CB9AACAD8F}.Release|x64.Build.0 = Release|Any CPU
		{0BB700CE-2B08-4B9A-BEA9-93CB9AACAD8F}.Release|x86.ActiveCfg = Release|Any CPU
		{0BB700CE-2B08-4B9A-BEA9-93CB9AACAD8F}.Release|x86.Build.0 = Release|Any CPU
		{15450F3A-EF6E-4557-8CC8-9E16B59AE568}.Debug|Any CPU.ActiveCfg = Debug|Any CPU
		{15450F3A-EF6E-4557-8CC8-9E16B59AE568}.Debug|Any CPU.Build.0 = Debug|Any CPU
		{15450F3A-EF6E-4557-8CC8-9E16B59AE568}.Debug|x64.ActiveCfg = Debug|Any CPU
		{15450F3A-EF6E-4557-8CC8-9E16B59AE568}.Debug|x64.Build.0 = Debug|Any CPU
		{15450F3A-EF6E-4557-8CC8-9E16B59AE568}.Debug|x86.ActiveCfg = Debug|Any CPU
		{15450F3A-EF6E-4557-8CC8-9E16B59AE568}.Debug|x86.Build.0 = Debug|Any CPU
		{15450F3A-EF6E-4557-8CC8-9E16B59AE568}.Release|Any CPU.ActiveCfg = Release|Any CPU
		{15450F3A-EF6E-4557-8CC8-9E16B59AE568}.Release|Any CPU.Build.0 = Release|Any CPU
		{15450F3A-EF6E-4557-8CC8-9E16B59AE568}.Release|x64.ActiveCfg = Release|Any CPU
		{15450F3A-EF6E-4557-8CC8-9E16B59AE568}.Release|x64.Build.0 = Release|Any CPU
		{15450F3A-EF6E-4557-8CC8-9E16B59AE568}.Release|x86.ActiveCfg = Release|Any CPU
		{15450F3A-EF6E-4557-8CC8-9E16B59AE568}.Release|x86.Build.0 = Release|Any CPU
		{DCC4650D-0C9F-44E9-94D0-D4A84AFA99A3}.Debug|Any CPU.ActiveCfg = Debug|Any CPU
		{DCC4650D-0C9F-44E9-94D0-D4A84AFA99A3}.Debug|Any CPU.Build.0 = Debug|Any CPU
		{DCC4650D-0C9F-44E9-94D0-D4A84AFA99A3}.Debug|x64.ActiveCfg = Debug|Any CPU
		{DCC4650D-0C9F-44E9-94D0-D4A84AFA99A3}.Debug|x64.Build.0 = Debug|Any CPU
		{DCC4650D-0C9F-44E9-94D0-D4A84AFA99A3}.Debug|x86.ActiveCfg = Debug|Any CPU
		{DCC4650D-0C9F-44E9-94D0-D4A84AFA99A3}.Debug|x86.Build.0 = Debug|Any CPU
		{DCC4650D-0C9F-44E9-94D0-D4A84AFA99A3}.Release|Any CPU.ActiveCfg = Release|Any CPU
		{DCC4650D-0C9F-44E9-94D0-D4A84AFA99A3}.Release|Any CPU.Build.0 = Release|Any CPU
		{DCC4650D-0C9F-44E9-94D0-D4A84AFA99A3}.Release|x64.ActiveCfg = Release|Any CPU
		{DCC4650D-0C9F-44E9-94D0-D4A84AFA99A3}.Release|x64.Build.0 = Release|Any CPU
		{DCC4650D-0C9F-44E9-94D0-D4A84AFA99A3}.Release|x86.ActiveCfg = Release|Any CPU
		{DCC4650D-0C9F-44E9-94D0-D4A84AFA99A3}.Release|x86.Build.0 = Release|Any CPU
	EndGlobalSection
	GlobalSection(SolutionProperties) = preSolution
		HideSolutionNode = FALSE
	EndGlobalSection
EndGlobal
